<?xml version="1.0" encoding="utf-8"?>
<Project ToolsVersion="4.0" xmlns="http://schemas.microsoft.com/developer/msbuild/2003">
  <ItemGroup>
    <Filter Include="Quelldateien">
      <UniqueIdentifier>{4FC737F1-C7A5-4376-A066-2A32D752A2FF}</UniqueIdentifier>
      <Extensions>cpp;c;cc;cxx;c++;cppm;ixx;def;odl;idl;hpj;bat;asm;asmx</Extensions>
    </Filter>
    <Filter Include="Headerdateien">
      <UniqueIdentifier>{93995380-89BD-4b04-88EB-625FBE52EBFB}</UniqueIdentifier>
      <Extensions>h;hh;hpp;hxx;h++;hm;inl;inc;ipp;xsd</Extensions>
    </Filter>
    <Filter Include="Quelldateien\imgui">
      <UniqueIdentifier>{664f183d-24e5-4fe9-b595-c67d870d7d7d}</UniqueIdentifier>
    </Filter>
    <Filter Include="Headerdateien\utils">
      <UniqueIdentifier>{9b96fd0a-5e33-42e7-8f2b-b17cb49f927e}</UniqueIdentifier>
    </Filter>
    <Filter Include="Headerdateien\calculator">
      <UniqueIdentifier>{47c73759-e841-47e0-9c49-5f784c9bcbc0}</UniqueIdentifier>
    </Filter>
  </ItemGroup>
  <ItemGroup>
    <ClInclude Include="utils\utils.h">
      <Filter>Headerdateien\utils</Filter>
    </ClInclude>
    <ClInclude Include="utils\setup.h">
      <Filter>Headerdateien\utils</Filter>
    </ClInclude>
    <ClInclude Include="utils\drawing.h">
      <Filter>Headerdateien\utils</Filter>
    </ClInclude>
    <ClInclude Include="calculator\calculator.h">
      <Filter>Headerdateien\calculator</Filter>
    </ClInclude>
  </ItemGroup>
  <ItemGroup>
    <ClCompile Include="main.cpp">
      <Filter>Quelldateien</Filter>
    </ClCompile>
    <ClCompile Include="include\imgui\imgui.cpp">
      <Filter>Quelldateien\imgui</Filter>
    </ClCompile>
    <ClCompile Include="include\imgui\imgui_demo.cpp">
      <Filter>Quelldateien\imgui</Filter>
    </ClCompile>
    <ClCompile Include="include\imgui\imgui_draw.cpp">
      <Filter>Quelldateien\imgui</Filter>
    </ClCompile>
    <ClCompile Include="include\imgui\imgui_impl_glfw.cpp">
      <Filter>Quelldateien\imgui</Filter>
    </ClCompile>
    <ClCompile Include="include\imgui\imgui_impl_opengl3.cpp">
      <Filter>Quelldateien\imgui</Filter>
    </ClCompile>
    <ClCompile Include="include\imgui\imgui_tables.cpp">
      <Filter>Quelldateien\imgui</Filter>
    </ClCompile>
    <ClCompile Include="include\imgui\imgui_widgets.cpp">
      <Filter>Quelldateien\imgui</Filter>
    </ClCompile>
  </ItemGroup>
</Project>